
Microsoft Visual Studio Solution File, Format Version 12.00
# Visual Studio 2012
Project("{FAE04EC0-301F-11D3-BF4B-00C04F79EFBC}") = "DateTime", "DateTime\DateTime.csproj", "{EAC50715-31F4-4007-8C29-4DE979F3C1D9}"
EndProject
Global
	GlobalSection(SolutionConfigurationPlatforms) = preSolution
		Debug|Any CPU = Debug|Any CPU
		Release|Any CPU = Release|Any CPU
	EndGlobalSection
	GlobalSection(ProjectConfigurationPlatforms) = postSolution
		{EAC50715-31F4-4007-8C29-4DE979F3C1D9}.Debug|Any CPU.ActiveCfg = Debug|Any CPU
		{EAC50715-31F4-4007-8C29-4DE979F3C1D9}.Debug|Any CPU.Build.0 = Debug|Any CPU
		{EAC50715-31F4-4007-8C29-4DE979F3C1D9}.Release|Any CPU.ActiveCfg = Release|Any CPU
		{EAC50715-31F4-4007-8C29-4DE979F3C1D9}.Release|Any CPU.Build.0 = Release|Any CPU
	EndGlobalSection
EndGlobal
